
Microsoft Visual Studio Solution File, Format Version 12.00
# Visual Studio 15
VisualStudioVersion = 15.0.28010.2026
MinimumVisualStudioVersion = 10.0.40219.1
Project("{FAE04EC0-301F-11D3-BF4B-00C04F79EFBC}") = "Durak", "Durak\Durak.csproj", "{67F15552-6241-4939-9308-10C776F0FA76}"
EndProject
Global
	GlobalSection(SolutionConfigurationPlatforms) = preSolution
		Debug|Any CPU = Debug|Any CPU
		Release|Any CPU = Release|Any CPU
	EndGlobalSection
	GlobalSection(ProjectConfigurationPlatforms) = postSolution
		{67F15552-6241-4939-9308-10C776F0FA76}.Debug|Any CPU.ActiveCfg = Debug|Any CPU
		{67F15552-6241-4939-9308-10C776F0FA76}.Debug|Any CPU.Build.0 = Debug|Any CPU
		{67F15552-6241-4939-9308-10C776F0FA76}.Release|Any CPU.ActiveCfg = Release|Any CPU
		{67F15552-6241-4939-9308-10C776F0FA76}.Release|Any CPU.Build.0 = Release|Any CPU
	EndGlobalSection
	GlobalSection(SolutionProperties) = preSolution
		HideSolutionNode = FALSE
	EndGlobalSection
	GlobalSection(ExtensibilityGlobals) = postSolution
		SolutionGuid = {142FF6DA-C0FA-43FE-8C41-2BDCA80CC7F8}
	EndGlobalSection
EndGlobal
